
Microsoft Visual Studio Solution File, Format Version 12.00
# Visual Studio Version 16
VisualStudioVersion = 16.0.33423.256
MinimumVisualStudioVersion = 10.0.40219.1
Project("{FAE04EC0-301F-11D3-BF4B-00C04F79EFBC}") = "adstra_task", "adstra_task\adstra_task.csproj", "{6B381C82-6467-4637-98FA-C9E88AA6F917}"
EndProject
Global
	GlobalSection(SolutionConfigurationPlatforms) = preSolution
		Debug|Any CPU = Debug|Any CPU
		Release|Any CPU = Release|Any CPU
	EndGlobalSection
	GlobalSection(ProjectConfigurationPlatforms) = postSolution
		{6B381C82-6467-4637-98FA-C9E88AA6F917}.Debug|Any CPU.ActiveCfg = Debug|Any CPU
		{6B381C82-6467-4637-98FA-C9E88AA6F917}.Debug|Any CPU.Build.0 = Debug|Any CPU
		{6B381C82-6467-4637-98FA-C9E88AA6F917}.Release|Any CPU.ActiveCfg = Release|Any CPU
		{6B381C82-6467-4637-98FA-C9E88AA6F917}.Release|Any CPU.Build.0 = Release|Any CPU
	EndGlobalSection
	GlobalSection(SolutionProperties) = preSolution
		HideSolutionNode = FALSE
	EndGlobalSection
	GlobalSection(ExtensibilityGlobals) = postSolution
		SolutionGuid = {55928F63-6D6A-44B2-A200-3C64DAF9AA9B}
	EndGlobalSection
EndGlobal
